<?xml version="1.0" encoding="utf-8"?>
<Project ToolsVersion="4.0" xmlns="http://schemas.microsoft.com/developer/msbuild/2003">
  <ItemGroup>
    <Filter Include="源文件">
      <UniqueIdentifier>{4FC737F1-C7A5-4376-A066-2A32D752A2FF}</UniqueIdentifier>
      <Extensions>cpp;c;cc;cxx;c++;def;odl;idl;hpj;bat;asm;asmx</Extensions>
    </Filter>
    <Filter Include="头文件">
      <UniqueIdentifier>{93995380-89BD-4b04-88EB-625FBE52EBFB}</UniqueIdentifier>
      <Extensions>h;hh;hpp;hxx;h++;hm;inl;inc;ipp;xsd</Extensions>
    </Filter>
    <Filter Include="资源文件">
      <UniqueIdentifier>{67DA6AB6-F800-4c08-8B7A-83BB121AAD01}</UniqueIdentifier>
      <Extensions>rc;ico;cur;bmp;dlg;rc2;rct;bin;rgs;gif;jpg;jpeg;jpe;resx;tiff;tif;png;wav;mfcribbon-ms</Extensions>
    </Filter>
    <Filter Include="源文件\dataset">
      <UniqueIdentifier>{d666ef39-27f5-48bc-8cf9-3d782800925b}</UniqueIdentifier>
    </Filter>
    <Filter Include="源文件\compress">
      <UniqueIdentifier>{67fc11fa-ede2-4000-9177-28c49f554a70}</UniqueIdentifier>
    </Filter>
    <Filter Include="头文件\dataset">
      <UniqueIdentifier>{f6a7b9a1-cfc3-49ea-b4c9-fd6faeeb4255}</UniqueIdentifier>
    </Filter>
    <Filter Include="头文件\compress">
      <UniqueIdentifier>{28414bcb-4a8e-42b7-8f86-8de0a109169e}</UniqueIdentifier>
    </Filter>
    <Filter Include="头文件\stretch">
      <UniqueIdentifier>{1a1c20d1-8648-4114-8868-2acdd4a70d59}</UniqueIdentifier>
    </Filter>
    <Filter Include="源文件\stretch">
      <UniqueIdentifier>{4f3eacb8-cc00-4728-84b7-2ed43f7aab7f}</UniqueIdentifier>
    </Filter>
    <Filter Include="头文件\net">
      <UniqueIdentifier>{6aae4e65-e50f-4353-9ed4-5f4375041ebe}</UniqueIdentifier>
    </Filter>
    <Filter Include="源文件\net">
      <UniqueIdentifier>{fb90fdba-07df-4e7c-a296-5bef53467902}</UniqueIdentifier>
    </Filter>
  </ItemGroup>
  <ItemGroup>
    <ClCompile Include="utility.cpp">
      <Filter>源文件</Filter>
    </ClCompile>
    <ClCompile Include="tiff_dataset.cpp">
      <Filter>源文件\dataset</Filter>
    </ClCompile>
    <ClCompile Include="dataset_interface.cpp">
      <Filter>源文件\dataset</Filter>
    </ClCompile>
    <ClCompile Include="compress_interface.cpp">
      <Filter>源文件\compress</Filter>
    </ClCompile>
    <ClCompile Include="jpg_compress.cpp">
      <Filter>源文件\compress</Filter>
    </ClCompile>
    <ClCompile Include="main.cpp">
      <Filter>源文件</Filter>
    </ClCompile>
    <ClCompile Include="stretch_interface.cpp">
      <Filter>源文件\stretch</Filter>
    </ClCompile>
    <ClCompile Include="max_min_stretch.cpp">
      <Filter>源文件\stretch</Filter>
    </ClCompile>
    <ClCompile Include="coordinate_transformation.cpp">
      <Filter>源文件</Filter>
    </ClCompile>
    <ClCompile Include="tile_processor.cpp">
      <Filter>源文件</Filter>
    </ClCompile>
    <ClCompile Include="handler.cpp">
      <Filter>源文件\net</Filter>
    </ClCompile>
    <ClCompile Include="http_handler.cpp">
      <Filter>源文件\net</Filter>
    </ClCompile>
    <ClCompile Include="handler_mapping.cpp">
      <Filter>源文件\net</Filter>
    </ClCompile>
    <ClCompile Include="listener.cpp">
      <Filter>源文件\net</Filter>
    </ClCompile>
    <ClCompile Include="session.cpp">
      <Filter>源文件\net</Filter>
    </ClCompile>
    <ClCompile Include="wmts_handler.cpp">
      <Filter>源文件\net</Filter>
    </ClCompile>
  </ItemGroup>
  <ItemGroup>
    <ClInclude Include="utility.h">
      <Filter>头文件</Filter>
    </ClInclude>
    <ClInclude Include="tiff_dataset.h">
      <Filter>头文件\dataset</Filter>
    </ClInclude>
    <ClInclude Include="dataset_interface.h">
      <Filter>头文件\dataset</Filter>
    </ClInclude>
    <ClInclude Include="jpg_compress.h">
      <Filter>头文件\compress</Filter>
    </ClInclude>
    <ClInclude Include="compress_interface.h">
      <Filter>头文件\compress</Filter>
    </ClInclude>
    <ClInclude Include="stretch_interface.h">
      <Filter>头文件\stretch</Filter>
    </ClInclude>
    <ClInclude Include="max_min_stretch.h">
      <Filter>头文件\stretch</Filter>
    </ClInclude>
    <ClInclude Include="coordinate_transformation.h">
      <Filter>头文件</Filter>
    </ClInclude>
    <ClInclude Include="tile_processor.h">
      <Filter>头文件</Filter>
    </ClInclude>
    <ClInclude Include="session.h">
      <Filter>头文件\net</Filter>
    </ClInclude>
    <ClInclude Include="listener.h">
      <Filter>头文件\net</Filter>
    </ClInclude>
    <ClInclude Include="http_handler.h">
      <Filter>头文件\net</Filter>
    </ClInclude>
    <ClInclude Include="handler_mapping.h">
      <Filter>头文件\net</Filter>
    </ClInclude>
    <ClInclude Include="handler.h">
      <Filter>头文件\net</Filter>
    </ClInclude>
    <ClInclude Include="wmts_handler.h">
      <Filter>头文件\net</Filter>
    </ClInclude>
  </ItemGroup>
</Project>